
Microsoft Visual Studio Solution File, Format Version 12.00
# Visual Studio Version 17
VisualStudioVersion = 17.3.32901.215
MinimumVisualStudioVersion = 10.0.40219.1
Project("{FAE04EC0-301F-11D3-BF4B-00C04F79EFBC}") = "BinarySearchTree_094", "BinarySearchTree_094.csproj", "{98715523-A027-4A1B-A6EC-FA8811DAFA24}"
EndProject
Global
	GlobalSection(SolutionConfigurationPlatforms) = preSolution
		Debug|Any CPU = Debug|Any CPU
		Release|Any CPU = Release|Any CPU
	EndGlobalSection
	GlobalSection(ProjectConfigurationPlatforms) = postSolution
		{98715523-A027-4A1B-A6EC-FA8811DAFA24}.Debug|Any CPU.ActiveCfg = Debug|Any CPU
		{98715523-A027-4A1B-A6EC-FA8811DAFA24}.Debug|Any CPU.Build.0 = Debug|Any CPU
		{98715523-A027-4A1B-A6EC-FA8811DAFA24}.Release|Any CPU.ActiveCfg = Release|Any CPU
		{98715523-A027-4A1B-A6EC-FA8811DAFA24}.Release|Any CPU.Build.0 = Release|Any CPU
	EndGlobalSection
	GlobalSection(SolutionProperties) = preSolution
		HideSolutionNode = FALSE
	EndGlobalSection
	GlobalSection(ExtensibilityGlobals) = postSolution
		SolutionGuid = {202D1F39-BCC8-491C-9D6C-A4B06767895D}
	EndGlobalSection
EndGlobal
